<?xml version="1.0" encoding="utf-8"?>
<Project ToolsVersion="4.0" xmlns="http://schemas.microsoft.com/developer/msbuild/2003">
  <ItemGroup>
    <Filter Include="Source Files">
      <UniqueIdentifier>{4FC737F1-C7A5-4376-A066-2A32D752A2FF}</UniqueIdentifier>
      <Extensions>cpp;c;cc;cxx;c++;cppm;ixx;def;odl;idl;hpj;bat;asm;asmx</Extensions>
    </Filter>
    <Filter Include="Header Files">
      <UniqueIdentifier>{93995380-89BD-4b04-88EB-625FBE52EBFB}</UniqueIdentifier>
      <Extensions>h;hh;hpp;hxx;h++;hm;inl;inc;ipp;xsd</Extensions>
    </Filter>
    <Filter Include="Resource Files">
      <UniqueIdentifier>{67DA6AB6-F800-4c08-8B7A-83BB121AAD01}</UniqueIdentifier>
      <Extensions>rc;ico;cur;bmp;dlg;rc2;rct;bin;rgs;gif;jpg;jpeg;jpe;resx;tiff;tif;png;wav;mfcribbon-ms</Extensions>
    </Filter>
  </ItemGroup>
  <ItemGroup>
    <ClCompile Include="..\..\src\AnytimeBCBS.cpp">
      <Filter>Source Files</Filter>
    </ClCompile>
    <ClCompile Include="..\..\src\AnytimeEECBS.cpp">
      <Filter>Source Files</Filter>
    </ClCompile>
    <ClCompile Include="..\..\src\BasicLNS.cpp">
      <Filter>Source Files</Filter>
    </ClCompile>
    <ClCompile Include="..\..\src\common.cpp">
      <Filter>Source Files</Filter>
    </ClCompile>
    <ClCompile Include="..\..\src\ConstraintTable.cpp">
      <Filter>Source Files</Filter>
    </ClCompile>
    <ClCompile Include="..\..\src\driver.cpp">
      <Filter>Source Files</Filter>
    </ClCompile>
    <ClCompile Include="..\..\src\InitLNS.cpp">
      <Filter>Source Files</Filter>
    </ClCompile>
    <ClCompile Include="..\..\src\Instance.cpp">
      <Filter>Source Files</Filter>
    </ClCompile>
    <ClCompile Include="..\..\src\LNS.cpp">
      <Filter>Source Files</Filter>
    </ClCompile>
    <ClCompile Include="..\..\src\PathTable.cpp">
      <Filter>Source Files</Filter>
    </ClCompile>
    <ClCompile Include="..\..\src\ReservationTable.cpp">
      <Filter>Source Files</Filter>
    </ClCompile>
    <ClCompile Include="..\..\src\SingleAgentSolver.cpp">
      <Filter>Source Files</Filter>
    </ClCompile>
    <ClCompile Include="..\..\src\SIPP.cpp">
      <Filter>Source Files</Filter>
    </ClCompile>
    <ClCompile Include="..\..\src\SpaceTimeAStar.cpp">
      <Filter>Source Files</Filter>
    </ClCompile>
    <ClCompile Include="..\..\src\CBS\CBS.cpp">
      <Filter>Source Files</Filter>
    </ClCompile>
    <ClCompile Include="..\..\src\CBS\CBSHeuristic.cpp">
      <Filter>Source Files</Filter>
    </ClCompile>
    <ClCompile Include="..\..\src\CBS\CBSNode.cpp">
      <Filter>Source Files</Filter>
    </ClCompile>
    <ClCompile Include="..\..\src\CBS\Conflict.cpp">
      <Filter>Source Files</Filter>
    </ClCompile>
    <ClCompile Include="..\..\src\CBS\ConstraintPropagation.cpp">
      <Filter>Source Files</Filter>
    </ClCompile>
    <ClCompile Include="..\..\src\CBS\CorridorReasoning.cpp">
      <Filter>Source Files</Filter>
    </ClCompile>
    <ClCompile Include="..\..\src\CBS\ECBS.cpp">
      <Filter>Source Files</Filter>
    </ClCompile>
    <ClCompile Include="..\..\src\CBS\GCBS.cpp">
      <Filter>Source Files</Filter>
    </ClCompile>
    <ClCompile Include="..\..\src\CBS\IncrementalPairwiseMutexPropagation.cpp">
      <Filter>Source Files</Filter>
    </ClCompile>
    <ClCompile Include="..\..\src\CBS\MDD.cpp">
      <Filter>Source Files</Filter>
    </ClCompile>
    <ClCompile Include="..\..\src\CBS\MutexReasoning.cpp">
      <Filter>Source Files</Filter>
    </ClCompile>
    <ClCompile Include="..\..\src\CBS\PBS.cpp">
      <Filter>Source Files</Filter>
    </ClCompile>
    <ClCompile Include="..\..\src\CBS\RectangleReasoning.cpp">
      <Filter>Source Files</Filter>
    </ClCompile>
    <ClCompile Include="..\..\src\PIBT\graph.cpp">
      <Filter>Source Files</Filter>
    </ClCompile>
    <ClCompile Include="..\..\src\PIBT\grid.cpp">
      <Filter>Source Files</Filter>
    </ClCompile>
    <ClCompile Include="..\..\src\PIBT\mapf.cpp">
      <Filter>Source Files</Filter>
    </ClCompile>
    <ClCompile Include="..\..\src\PIBT\node.cpp">
      <Filter>Source Files</Filter>
    </ClCompile>
    <ClCompile Include="..\..\src\PIBT\pibt.cpp">
      <Filter>Source Files</Filter>
    </ClCompile>
    <ClCompile Include="..\..\src\PIBT\pibt_agent.cpp">
      <Filter>Source Files</Filter>
    </ClCompile>
    <ClCompile Include="..\..\src\PIBT\pps.cpp">
      <Filter>Source Files</Filter>
    </ClCompile>
    <ClCompile Include="..\..\src\PIBT\problem.cpp">
      <Filter>Source Files</Filter>
    </ClCompile>
    <ClCompile Include="..\..\src\PIBT\simplegrid.cpp">
      <Filter>Source Files</Filter>
    </ClCompile>
    <ClCompile Include="..\..\src\PIBT\solver.cpp">
      <Filter>Source Files</Filter>
    </ClCompile>
    <ClCompile Include="..\..\src\PIBT\task.cpp">
      <Filter>Source Files</Filter>
    </ClCompile>
    <ClCompile Include="..\..\src\PIBT\winpibt.cpp">
      <Filter>Source Files</Filter>
    </ClCompile>
    <ClCompile Include="x64\Release\parsePreviousPaths.cpp">
      <Filter>Source Files</Filter>
    </ClCompile>
  </ItemGroup>
  <ItemGroup>
    <ClInclude Include="..\..\inc\AnytimeBCBS.h">
      <Filter>Header Files</Filter>
    </ClInclude>
    <ClInclude Include="..\..\inc\AnytimeEECBS.h">
      <Filter>Header Files</Filter>
    </ClInclude>
    <ClInclude Include="..\..\inc\BasicLNS.h">
      <Filter>Header Files</Filter>
    </ClInclude>
    <ClInclude Include="..\..\inc\common.h">
      <Filter>Header Files</Filter>
    </ClInclude>
    <ClInclude Include="..\..\inc\ConstraintTable.h">
      <Filter>Header Files</Filter>
    </ClInclude>
    <ClInclude Include="..\..\inc\InitLNS.h">
      <Filter>Header Files</Filter>
    </ClInclude>
    <ClInclude Include="..\..\inc\Instance.h">
      <Filter>Header Files</Filter>
    </ClInclude>
    <ClInclude Include="..\..\inc\LNS.h">
      <Filter>Header Files</Filter>
    </ClInclude>
    <ClInclude Include="..\..\inc\PathTable.h">
      <Filter>Header Files</Filter>
    </ClInclude>
    <ClInclude Include="..\..\inc\ReservationTable.h">
      <Filter>Header Files</Filter>
    </ClInclude>
    <ClInclude Include="..\..\inc\SingleAgentSolver.h">
      <Filter>Header Files</Filter>
    </ClInclude>
    <ClInclude Include="..\..\inc\SIPP.h">
      <Filter>Header Files</Filter>
    </ClInclude>
    <ClInclude Include="..\..\inc\SpaceTimeAStar.h">
      <Filter>Header Files</Filter>
    </ClInclude>
    <ClInclude Include="..\..\inc\CBS\CBS.h">
      <Filter>Header Files</Filter>
    </ClInclude>
    <ClInclude Include="..\..\inc\CBS\CBSHeuristic.h">
      <Filter>Header Files</Filter>
    </ClInclude>
    <ClInclude Include="..\..\inc\CBS\CBSNode.h">
      <Filter>Header Files</Filter>
    </ClInclude>
    <ClInclude Include="..\..\inc\CBS\Conflict.h">
      <Filter>Header Files</Filter>
    </ClInclude>
    <ClInclude Include="..\..\inc\CBS\ConstraintPropagation.h">
      <Filter>Header Files</Filter>
    </ClInclude>
    <ClInclude Include="..\..\inc\CBS\CorridorReasoning.h">
      <Filter>Header Files</Filter>
    </ClInclude>
    <ClInclude Include="..\..\inc\CBS\ECBS.h">
      <Filter>Header Files</Filter>
    </ClInclude>
    <ClInclude Include="..\..\inc\CBS\ECBSNode.h">
      <Filter>Header Files</Filter>
    </ClInclude>
    <ClInclude Include="..\..\inc\CBS\GCBS.h">
      <Filter>Header Files</Filter>
    </ClInclude>
    <ClInclude Include="..\..\inc\CBS\GCBSNode.h">
      <Filter>Header Files</Filter>
    </ClInclude>
    <ClInclude Include="..\..\inc\CBS\IncrementalPairwiseMutexPropagation.hpp">
      <Filter>Header Files</Filter>
    </ClInclude>
    <ClInclude Include="..\..\inc\CBS\MDD.h">
      <Filter>Header Files</Filter>
    </ClInclude>
    <ClInclude Include="..\..\inc\CBS\MutexReasoning.h">
      <Filter>Header Files</Filter>
    </ClInclude>
    <ClInclude Include="..\..\inc\CBS\PBS.h">
      <Filter>Header Files</Filter>
    </ClInclude>
    <ClInclude Include="..\..\inc\CBS\RectangleReasoning.h">
      <Filter>Header Files</Filter>
    </ClInclude>
    <ClInclude Include="..\..\inc\PIBT\graph.h">
      <Filter>Header Files</Filter>
    </ClInclude>
    <ClInclude Include="..\..\inc\PIBT\grid.h">
      <Filter>Header Files</Filter>
    </ClInclude>
    <ClInclude Include="..\..\inc\PIBT\mapf.h">
      <Filter>Header Files</Filter>
    </ClInclude>
    <ClInclude Include="..\..\inc\PIBT\node.h">
      <Filter>Header Files</Filter>
    </ClInclude>
    <ClInclude Include="..\..\inc\PIBT\pibt.h">
      <Filter>Header Files</Filter>
    </ClInclude>
    <ClInclude Include="..\..\inc\PIBT\pibt_agent.h">
      <Filter>Header Files</Filter>
    </ClInclude>
    <ClInclude Include="..\..\inc\PIBT\pps.h">
      <Filter>Header Files</Filter>
    </ClInclude>
    <ClInclude Include="..\..\inc\PIBT\problem.h">
      <Filter>Header Files</Filter>
    </ClInclude>
    <ClInclude Include="..\..\inc\PIBT\simplegrid.h">
      <Filter>Header Files</Filter>
    </ClInclude>
    <ClInclude Include="..\..\inc\PIBT\solver.h">
      <Filter>Header Files</Filter>
    </ClInclude>
    <ClInclude Include="..\..\inc\PIBT\task.h">
      <Filter>Header Files</Filter>
    </ClInclude>
    <ClInclude Include="..\..\inc\PIBT\util.h">
      <Filter>Header Files</Filter>
    </ClInclude>
    <ClInclude Include="..\..\inc\PIBT\vec2f.h">
      <Filter>Header Files</Filter>
    </ClInclude>
    <ClInclude Include="..\..\inc\PIBT\winpibt.h">
      <Filter>Header Files</Filter>
    </ClInclude>
    <ClInclude Include="..\..\inc\parsePrevPaths.h">
      <Filter>Header Files</Filter>
    </ClInclude>
  </ItemGroup>
  <ItemGroup>
    <None Include="..\x64\Release\parse_paths.py">
      <Filter>Source Files</Filter>
    </None>
    <None Include="..\x64\Release\scen_dest_adjust.py">
      <Filter>Source Files</Filter>
    </None>
  </ItemGroup>
</Project>